
Microsoft Visual Studio Solution File, Format Version 12.00
# Visual Studio Version 17
VisualStudioVersion = 17.5.33516.290
MinimumVisualStudioVersion = 10.0.40219.1
Project("{FAE04EC0-301F-11D3-BF4B-00C04F79EFBC}") = "Demo.ElasticSearch.API", "Demo.ElasticSearch.API\Demo.ElasticSearch.API.csproj", "{870D4F23-F7AF-4D2A-BC0D-50173C7866C2}"
EndProject
Global
	GlobalSection(SolutionConfigurationPlatforms) = preSolution
		Debug|Any CPU = Debug|Any CPU
		Release|Any CPU = Release|Any CPU
	EndGlobalSection
	GlobalSection(ProjectConfigurationPlatforms) = postSolution
		{870D4F23-F7AF-4D2A-BC0D-50173C7866C2}.Debug|Any CPU.ActiveCfg = Debug|Any CPU
		{870D4F23-F7AF-4D2A-BC0D-50173C7866C2}.Debug|Any CPU.Build.0 = Debug|Any CPU
		{870D4F23-F7AF-4D2A-BC0D-50173C7866C2}.Release|Any CPU.ActiveCfg = Release|Any CPU
		{870D4F23-F7AF-4D2A-BC0D-50173C7866C2}.Release|Any CPU.Build.0 = Release|Any CPU
	EndGlobalSection
	GlobalSection(SolutionProperties) = preSolution
		HideSolutionNode = FALSE
	EndGlobalSection
	GlobalSection(ExtensibilityGlobals) = postSolution
		SolutionGuid = {0815E679-BAF7-437E-9AC6-466442394FB3}
	EndGlobalSection
EndGlobal
